
Microsoft Visual Studio Solution File, Format Version 12.00
# Visual Studio 15
VisualStudioVersion = 15.0.28010.2036
MinimumVisualStudioVersion = 10.0.40219.1
Project("{FAE04EC0-301F-11D3-BF4B-00C04F79EFBC}") = "Lab_2", "Lab_2\Lab_2.csproj", "{00EBDBF6-CC3C-472E-9251-ED15EF9992ED}"
EndProject
Project("{FAE04EC0-301F-11D3-BF4B-00C04F79EFBC}") = "Lab_3", "Lab_3\Lab_3.csproj", "{81E58A30-54C0-4E10-B1CC-56C9E0AB1B91}"
EndProject
Project("{FAE04EC0-301F-11D3-BF4B-00C04F79EFBC}") = "Lab_4", "Lab_4\Lab_4.csproj", "{129153A6-D613-4378-877D-B9D327789315}"
EndProject
Project("{FAE04EC0-301F-11D3-BF4B-00C04F79EFBC}") = "Lab_1", "Lab_1\Lab_1.csproj", "{37651E27-6651-4465-A152-8651F449E4EA}"
EndProject
Global
	GlobalSection(SolutionConfigurationPlatforms) = preSolution
		Debug|Any CPU = Debug|Any CPU
		Release|Any CPU = Release|Any CPU
	EndGlobalSection
	GlobalSection(ProjectConfigurationPlatforms) = postSolution
		{00EBDBF6-CC3C-472E-9251-ED15EF9992ED}.Debug|Any CPU.ActiveCfg = Debug|Any CPU
		{00EBDBF6-CC3C-472E-9251-ED15EF9992ED}.Debug|Any CPU.Build.0 = Debug|Any CPU
		{00EBDBF6-CC3C-472E-9251-ED15EF9992ED}.Release|Any CPU.ActiveCfg = Release|Any CPU
		{00EBDBF6-CC3C-472E-9251-ED15EF9992ED}.Release|Any CPU.Build.0 = Release|Any CPU
		{81E58A30-54C0-4E10-B1CC-56C9E0AB1B91}.Debug|Any CPU.ActiveCfg = Debug|Any CPU
		{81E58A30-54C0-4E10-B1CC-56C9E0AB1B91}.Debug|Any CPU.Build.0 = Debug|Any CPU
		{81E58A30-54C0-4E10-B1CC-56C9E0AB1B91}.Release|Any CPU.ActiveCfg = Release|Any CPU
		{81E58A30-54C0-4E10-B1CC-56C9E0AB1B91}.Release|Any CPU.Build.0 = Release|Any CPU
		{129153A6-D613-4378-877D-B9D327789315}.Debug|Any CPU.ActiveCfg = Debug|Any CPU
		{129153A6-D613-4378-877D-B9D327789315}.Debug|Any CPU.Build.0 = Debug|Any CPU
		{129153A6-D613-4378-877D-B9D327789315}.Release|Any CPU.ActiveCfg = Release|Any CPU
		{129153A6-D613-4378-877D-B9D327789315}.Release|Any CPU.Build.0 = Release|Any CPU
		{37651E27-6651-4465-A152-8651F449E4EA}.Debug|Any CPU.ActiveCfg = Debug|Any CPU
		{37651E27-6651-4465-A152-8651F449E4EA}.Debug|Any CPU.Build.0 = Debug|Any CPU
		{37651E27-6651-4465-A152-8651F449E4EA}.Release|Any CPU.ActiveCfg = Release|Any CPU
		{37651E27-6651-4465-A152-8651F449E4EA}.Release|Any CPU.Build.0 = Release|Any CPU
	EndGlobalSection
	GlobalSection(SolutionProperties) = preSolution
		HideSolutionNode = FALSE
	EndGlobalSection
	GlobalSection(ExtensibilityGlobals) = postSolution
		SolutionGuid = {E5507E2D-5B65-4770-A52D-29AF5BB7043B}
	EndGlobalSection
EndGlobal
